
Microsoft Visual Studio Solution File, Format Version 12.00
# Visual Studio Version 17
VisualStudioVersion = 17.4.33213.308
MinimumVisualStudioVersion = 10.0.40219.1
Project("{FAE04EC0-301F-11D3-BF4B-00C04F79EFBC}") = "MathFigureLib", "MathFigureLib\MathFigureLib.csproj", "{CD46FA79-4620-46DB-BBE5-DEE04D8746F0}"
EndProject
Global
	GlobalSection(SolutionConfigurationPlatforms) = preSolution
		Debug|Any CPU = Debug|Any CPU
		Release|Any CPU = Release|Any CPU
	EndGlobalSection
	GlobalSection(ProjectConfigurationPlatforms) = postSolution
		{CD46FA79-4620-46DB-BBE5-DEE04D8746F0}.Debug|Any CPU.ActiveCfg = Debug|Any CPU
		{CD46FA79-4620-46DB-BBE5-DEE04D8746F0}.Debug|Any CPU.Build.0 = Debug|Any CPU
		{CD46FA79-4620-46DB-BBE5-DEE04D8746F0}.Release|Any CPU.ActiveCfg = Release|Any CPU
		{CD46FA79-4620-46DB-BBE5-DEE04D8746F0}.Release|Any CPU.Build.0 = Release|Any CPU
	EndGlobalSection
	GlobalSection(SolutionProperties) = preSolution
		HideSolutionNode = FALSE
	EndGlobalSection
	GlobalSection(ExtensibilityGlobals) = postSolution
		SolutionGuid = {FB805AF5-093E-4B3E-8F5C-A4E6AE841593}
	EndGlobalSection
EndGlobal
